// !$*UTF8*$!
{
	archiveVersion = 1;
	classes = {
	};
	objectVersion = 50;
	objects = {

/* Begin PBXBuildFile section */
		F568B62A215D3BBB004C22CF /* AppDelegate.swift in Sources */ = {isa = PBXBuildFile; fileRef = F568B629215D3BBB004C22CF /* AppDelegate.swift */; };
		F568B62C215D3BBB004C22CF /* ViewController.swift in Sources */ = {isa = PBXBuildFile; fileRef = F568B62B215D3BBB004C22CF /* ViewController.swift */; };
		F568B631215D3BBD004C22CF /* Assets.xcassets in Resources */ = {isa = PBXBuildFile; fileRef = F568B630215D3BBD004C22CF /* Assets.xcassets */; };
		F568B634215D3BBD004C22CF /* LaunchScreen.storyboard in Resources */ = {isa = PBXBuildFile; fileRef = F568B632215D3BBD004C22CF /* LaunchScreen.storyboard */; };
		F568B646215D3D8F004C22CF /* VYAlertController.framework in Frameworks */ = {isa = PBXBuildFile; fileRef = F568B642215D3C9F004C22CF /* VYAlertController.framework */; };
		F568B647215D3D8F004C22CF /* VYAlertController.framework in Embed Frameworks */ = {isa = PBXBuildFile; fileRef = F568B642215D3C9F004C22CF /* VYAlertController.framework */; settings = {ATTRIBUTES = (CodeSignOnCopy, RemoveHeadersOnCopy, ); }; };
/* End PBXBuildFile section */

/* Begin PBXContainerItemProxy section */
		F568B641215D3C9F004C22CF /* PBXContainerItemProxy */ = {
			isa = PBXContainerItemProxy;
			containerPortal = F568B63D215D3C9F004C22CF /* VYAlertController.xcodeproj */;
			proxyType = 2;
			remoteGlobalIDString = F568B612215D3788004C22CF;
			remoteInfo = VYAlertController;
		};
		F568B643215D3CE8004C22CF /* PBXContainerItemProxy */ = {
			isa = PBXContainerItemProxy;
			containerPortal = F568B63D215D3C9F004C22CF /* VYAlertController.xcodeproj */;
			proxyType = 1;
			remoteGlobalIDString = F568B611215D3788004C22CF;
			remoteInfo = VYAlertController;
		};
		F568B648215D3D8F004C22CF /* PBXContainerItemProxy */ = {
			isa = PBXContainerItemProxy;
			containerPortal = F568B63D215D3C9F004C22CF /* VYAlertController.xcodeproj */;
			proxyType = 1;
			remoteGlobalIDString = F568B611215D3788004C22CF;
			remoteInfo = VYAlertController;
		};
/* End PBXContainerItemProxy section */

/* Begin PBXCopyFilesBuildPhase section */
		F568B64A215D3D8F004C22CF /* Embed Frameworks */ = {
			isa = PBXCopyFilesBuildPhase;
			buildActionMask = 2147483647;
			dstPath = "";
			dstSubfolderSpec = 10;
			files = (
				F568B647215D3D8F004C22CF /* VYAlertController.framework in Embed Frameworks */,
			);
			name = "Embed Frameworks";
			runOnlyForDeploymentPostprocessing = 0;
		};
/* End PBXCopyFilesBuildPhase section */

/* Begin PBXFileReference section */
		F568B626215D3BBB004C22CF /* VYAlertControllerExample.app */ = {isa = PBXFileReference; explicitFileType = wrapper.application; includeInIndex = 0; path = VYAlertControllerExample.app; sourceTree = BUILT_PRODUCTS_DIR; };
		F568B629215D3BBB004C22CF /* AppDelegate.swift */ = {isa = PBXFileReference; lastKnownFileType = sourcecode.swift; path = AppDelegate.swift; sourceTree = "<group>"; };
		F568B62B215D3BBB004C22CF /* ViewController.swift */ = {isa = PBXFileReference; lastKnownFileType = sourcecode.swift; path = ViewController.swift; sourceTree = "<group>"; };
		F568B630215D3BBD004C22CF /* Assets.xcassets */ = {isa = PBXFileReference; lastKnownFileType = folder.assetcatalog; path = Assets.xcassets; sourceTree = "<group>"; };
		F568B633215D3BBD004C22CF /* Base */ = {isa = PBXFileReference; lastKnownFileType = file.storyboard; name = Base; path = Base.lproj/LaunchScreen.storyboard; sourceTree = "<group>"; };
		F568B635215D3BBD004C22CF /* Info.plist */ = {isa = PBXFileReference; lastKnownFileType = text.plist.xml; path = Info.plist; sourceTree = "<group>"; };
		F568B63D215D3C9F004C22CF /* VYAlertController.xcodeproj */ = {isa = PBXFileReference; lastKnownFileType = "wrapper.pb-project"; name = VYAlertController.xcodeproj; path = ../VYAlertController/VYAlertController.xcodeproj; sourceTree = "<group>"; };
/* End PBXFileReference section */

/* Begin PBXFrameworksBuildPhase section */
		F568B623215D3BBB004C22CF /* Frameworks */ = {
			isa = PBXFrameworksBuildPhase;
			buildActionMask = 2147483647;
			files = (
				F568B646215D3D8F004C22CF /* VYAlertController.framework in Frameworks */,
			);
			runOnlyForDeploymentPostprocessing = 0;
		};
/* End PBXFrameworksBuildPhase section */

/* Begin PBXGroup section */
		F568B61D215D3BBB004C22CF = {
			isa = PBXGroup;
			children = (
				F568B63D215D3C9F004C22CF /* VYAlertController.xcodeproj */,
				F568B628215D3BBB004C22CF /* VYAlertControllerExample */,
				F568B627215D3BBB004C22CF /* Products */,
			);
			sourceTree = "<group>";
		};
		F568B627215D3BBB004C22CF /* Products */ = {
			isa = PBXGroup;
			children = (
				F568B626215D3BBB004C22CF /* VYAlertControllerExample.app */,
			);
			name = Products;
			sourceTree = "<group>";
		};
		F568B628215D3BBB004C22CF /* VYAlertControllerExample */ = {
			isa = PBXGroup;
			children = (
				F568B629215D3BBB004C22CF /* AppDelegate.swift */,
				F568B62B215D3BBB004C22CF /* ViewController.swift */,
				F568B630215D3BBD004C22CF /* Assets.xcassets */,
				F568B632215D3BBD004C22CF /* LaunchScreen.storyboard */,
				F568B635215D3BBD004C22CF /* Info.plist */,
			);
			path = VYAlertControllerExample;
			sourceTree = "<group>";
		};
		F568B63E215D3C9F004C22CF /* Products */ = {
			isa = PBXGroup;
			children = (
				F568B642215D3C9F004C22CF /* VYAlertController.framework */,
			);
			name = Products;
			sourceTree = "<group>";
		};
/* End PBXGroup section */

/* Begin PBXNativeTarget section */
		F568B625215D3BBB004C22CF /* VYAlertControllerExample */ = {
			isa = PBXNativeTarget;
			buildConfigurationList = F568B638215D3BBD004C22CF /* Build configuration list for PBXNativeTarget "VYAlertControllerExample" */;
			buildPhases = (
				F568B622215D3BBB004C22CF /* Sources */,
				F568B623215D3BBB004C22CF /* Frameworks */,
				F568B624215D3BBB004C22CF /* Resources */,
				F568B64A215D3D8F004C22CF /* Embed Frameworks */,
			);
			buildRules = (
			);
			dependencies = (
				F568B644215D3CE8004C22CF /* PBXTargetDependency */,
				F568B649215D3D8F004C22CF /* PBXTargetDependency */,
			);
			name = VYAlertControllerExample;
			productName = VYAlertControllerExample;
			productReference = F568B626215D3BBB004C22CF /* VYAlertControllerExample.app */;
			productType = "com.apple.product-type.application";
		};
/* End PBXNativeTarget section */

/* Begin PBXProject section */
		F568B61E215D3BBB004C22CF /* Project object */ = {
			isa = PBXProject;
			attributes = {
				LastSwiftUpdateCheck = 1000;
				LastUpgradeCheck = 1000;
				ORGANIZATIONNAME = "Vladyslav Yakovlev";
				TargetAttributes = {
					F568B625215D3BBB004C22CF = {
						CreatedOnToolsVersion = 10.0;
					};
				};
			};
			buildConfigurationList = F568B621215D3BBB004C22CF /* Build configuration list for PBXProject "VYAlertControllerExample" */;
			compatibilityVersion = "Xcode 9.3";
			developmentRegion = en;
			hasScannedForEncodings = 0;
			knownRegions = (
				en,
				Base,
			);
			mainGroup = F568B61D215D3BBB004C22CF;
			productRefGroup = F568B627215D3BBB004C22CF /* Products */;
			projectDirPath = "";
			projectReferences = (
				{
					ProductGroup = F568B63E215D3C9F004C22CF /* Products */;
					ProjectRef = F568B63D215D3C9F004C22CF /* VYAlertController.xcodeproj */;
				},
			);
			projectRoot = "";
			targets = (
				F568B625215D3BBB004C22CF /* VYAlertControllerExample */,
			);
		};
/* End PBXProject section */

/* Begin PBXReferenceProxy section */
		F568B642215D3C9F004C22CF /* VYAlertController.framework */ = {
			isa = PBXReferenceProxy;
			fileType = wrapper.framework;
			path = VYAlertController.framework;
			remoteRef = F568B641215D3C9F004C22CF /* PBXContainerItemProxy */;
			sourceTree = BUILT_PRODUCTS_DIR;
		};
/* End PBXReferenceProxy section */

/* Begin PBXResourcesBuildPhase section */
		F568B624215D3BBB004C22CF /* Resources */ = {
			isa = PBXResourcesBuildPhase;
			buildActionMask = 2147483647;
			files = (
				F568B634215D3BBD004C22CF /* LaunchScreen.storyboard in Resources */,
				F568B631215D3BBD004C22CF /* Assets.xcassets in Resources */,
			);
			runOnlyForDeploymentPostprocessing = 0;
		};
/* End PBXResourcesBuildPhase section */

/* Begin PBXSourcesBuildPhase section */
		F568B622215D3BBB004C22CF /* Sources */ = {
			isa = PBXSourcesBuildPhase;
			buildActionMask = 2147483647;
			files = (
				F568B62C215D3BBB004C22CF /* ViewController.swift in Sources */,
				F568B62A215D3BBB004C22CF /* AppDelegate.swift in Sources */,
			);
			runOnlyForDeploymentPostprocessing = 0;
		};
/* End PBXSourcesBuildPhase section */

/* Begin PBXTargetDependency section */
		F568B644215D3CE8004C22CF /* PBXTargetDependency */ = {
			isa = PBXTargetDependency;
			name = VYAlertController;
			targetProxy = F568B643215D3CE8004C22CF /* PBXContainerItemProxy */;
		};
		F568B649215D3D8F004C22CF /* PBXTargetDependency */ = {
			isa = PBXTargetDependency;
			name = VYAlertController;
			targetProxy = F568B648215D3D8F004C22CF /* PBXContainerItemProxy */;
		};
/* End PBXTargetDependency section */

/* Begin PBXVariantGroup section */
		F568B632215D3BBD004C22CF /* LaunchScreen.storyboard */ = {
			isa = PBXVariantGroup;
			children = (
				F568B633215D3BBD004C22CF /* Base */,
			);
			name = LaunchScreen.storyboard;
			sourceTree = "<group>";
		};
/* End PBXVariantGroup section */

/* Begin XCBuildConfiguration section */
		F568B636215D3BBD004C22CF /* Debug */ = {
			isa = XCBuildConfiguration;
			buildSettings = {
				ALWAYS_SEARCH_USER_PATHS = NO;
				CLANG_ANALYZER_NONNULL = YES;
				CLANG_ANALYZER_NUMBER_OBJECT_CONVERSION = YES_AGGRESSIVE;
				CLANG_CXX_LANGUAGE_STANDARD = "gnu++14";
				CLANG_CXX_LIBRARY = "libc++";
				CLANG_ENABLE_MODULES = YES;
				CLANG_ENABLE_OBJC_ARC = YES;
				CLANG_ENABLE_OBJC_WEAK = YES;
				CLANG_WARN_BLOCK_CAPTURE_AUTORELEASING = YES;
				CLANG_WARN_BOOL_CONVERSION = YES;
				CLANG_WARN_COMMA = YES;
				CLANG_WARN_CONSTANT_CONVERSION = YES;
				CLANG_WARN_DEPRECATED_OBJC_IMPLEMENTATIONS = YES;
				CLANG_WARN_DIRECT_OBJC_ISA_USAGE = YES_ERROR;
				CLANG_WARN_DOCUMENTATION_COMMENTS = YES;
				CLANG_WARN_EMPTY_BODY = YES;
				CLANG_WARN_ENUM_CONVERSION = YES;
				CLANG_WARN_INFINITE_RECURSION = YES;
				CLANG_WARN_INT_CONVERSION = YES;
				CLANG_WARN_NON_LITERAL_NULL_CONVERSION = YES;
				CLANG_WARN_OBJC_IMPLICIT_RETAIN_SELF = YES;
				CLANG_WARN_OBJC_LITERAL_CONVERSION = YES;
				CLANG_WARN_OBJC_ROOT_CLASS = YES_ERROR;
				CLANG_WARN_RANGE_LOOP_ANALYSIS = YES;
				CLANG_WARN_STRICT_PROTOTYPES = YES;
				CLANG_WARN_SUSPICIOUS_MOVE = YES;
				CLANG_WARN_UNGUARDED_AVAILABILITY = YES_AGGRESSIVE;
				CLANG_WARN_UNREACHABLE_CODE = YES;
				CLANG_WARN__DUPLICATE_METHOD_MATCH = YES;
				CODE_SIGN_IDENTITY = "iPhone Developer";
				COPY_PHASE_STRIP = NO;
				DEBUG_INFORMATION_FORMAT = dwarf;
				ENABLE_STRICT_OBJC_MSGSEND = YES;
				ENABLE_TESTABILITY = YES;
				GCC_C_LANGUAGE_STANDARD = gnu11;
				GCC_DYNAMIC_NO_PIC = NO;
				GCC_NO_COMMON_BLOCKS = YES;
				GCC_OPTIMIZATION_LEVEL = 0;
				GCC_PREPROCESSOR_DEFINITIONS = (
					"DEBUG=1",
					"$(inherited)",
				);
				GCC_WARN_64_TO_32_BIT_CONVERSION = YES;
				GCC_WARN_ABOUT_RETURN_TYPE = YES_ERROR;
				GCC_WARN_UNDECLARED_SELECTOR = YES;
				GCC_WARN_UNINITIALIZED_AUTOS = YES_AGGRESSIVE;
				GCC_WARN_UNUSED_FUNCTION = YES;
				GCC_WARN_UNUSED_VARIABLE = YES;
				IPHONEOS_DEPLOYMENT_TARGET = 12.0;
				MTL_ENABLE_DEBUG_INFO = INCLUDE_SOURCE;
				MTL_FAST_MATH = YES;
				ONLY_ACTIVE_ARCH = YES;
				SDKROOT = iphoneos;
				SWIFT_ACTIVE_COMPILATION_CONDITIONS = DEBUG;
				SWIFT_OPTIMIZATION_LEVEL = "-Onone";
			};
			name = Debug;
		};
		F568B637215D3BBD004C22CF /* Release */ = {
			isa = XCBuildConfiguration;
			buildSettings = {
				ALWAYS_SEARCH_USER_PATHS = NO;
				CLANG_ANALYZER_NONNULL = YES;
				CLANG_ANALYZER_NUMBER_OBJECT_CONVERSION = YES_AGGRESSIVE;
				CLANG_CXX_LANGUAGE_STANDARD = "gnu++14";
				CLANG_CXX_LIBRARY = "libc++";
				CLANG_ENABLE_MODULES = YES;
				CLANG_ENABLE_OBJC_ARC = YES;
				CLANG_ENABLE_OBJC_WEAK = YES;
				CLANG_WARN_BLOCK_CAPTURE_AUTORELEASING = YES;
				CLANG_WARN_BOOL_CONVERSION = YES;
				CLANG_WARN_COMMA = YES;
				CLANG_WARN_CONSTANT_CONVERSION = YES;
				CLANG_WARN_DEPRECATED_OBJC_IMPLEMENTATIONS = YES;
				CLANG_WARN_DIRECT_OBJC_ISA_USAGE = YES_ERROR;
				CLANG_WARN_DOCUMENTATION_COMMENTS = YES;
				CLANG_WARN_EMPTY_BODY = YES;
				CLANG_WARN_ENUM_CONVERSION = YES;
				CLANG_WARN_INFINITE_RECURSION = YES;
				CLANG_WARN_INT_CONVERSION = YES;
				CLANG_WARN_NON_LITERAL_NULL_CONVERSION = YES;
				CLANG_WARN_OBJC_IMPLICIT_RETAIN_SELF = YES;
				CLANG_WARN_OBJC_LITERAL_CONVERSION = YES;
				CLANG_WARN_OBJC_ROOT_CLASS = YES_ERROR;
				CLANG_WARN_RANGE_LOOP_ANALYSIS = YES;
				CLANG_WARN_STRICT_PROTOTYPES = YES;
				CLANG_WARN_SUSPICIOUS_MOVE = YES;
				CLANG_WARN_UNGUARDED_AVAILABILITY = YES_AGGRESSIVE;
				CLANG_WARN_UNREACHABLE_CODE = YES;
				CLANG_WARN__DUPLICATE_METHOD_MATCH = YES;
				CODE_SIGN_IDENTITY = "iPhone Developer";
				COPY_PHASE_STRIP = NO;
				DEBUG_INFORMATION_FORMAT = "dwarf-with-dsym";
				ENABLE_NS_ASSERTIONS = NO;
				ENABLE_STRICT_OBJC_MSGSEND = YES;
				GCC_C_LANGUAGE_STANDARD = gnu11;
				GCC_NO_COMMON_BLOCKS = YES;
				GCC_WARN_64_TO_32_BIT_CONVERSION = YES;
				GCC_WARN_ABOUT_RETURN_TYPE = YES_ERROR;
				GCC_WARN_UNDECLARED_SELECTOR = YES;
				GCC_WARN_UNINITIALIZED_AUTOS = YES_AGGRESSIVE;
				GCC_WARN_UNUSED_FUNCTION = YES;
				GCC_WARN_UNUSED_VARIABLE = YES;
				IPHONEOS_DEPLOYMENT_TARGET = 12.0;
				MTL_ENABLE_DEBUG_INFO = NO;
				MTL_FAST_MATH = YES;
				SDKROOT = iphoneos;
				SWIFT_COMPILATION_MODE = wholemodule;
				SWIFT_OPTIMIZATION_LEVEL = "-O";
				VALIDATE_PRODUCT = YES;
			};
			name = Release;
		};
		F568B639215D3BBD004C22CF /* Debug */ = {
			isa = XCBuildConfiguration;
			buildSettings = {
				ASSETCATALOG_COMPILER_APPICON_NAME = AppIcon;
				CODE_SIGN_STYLE = Automatic;
				DEVELOPMENT_TEAM = 44RWYRHXW5;
				INFOPLIST_FILE = VYAlertControllerExample/Info.plist;
				IPHONEOS_DEPLOYMENT_TARGET = 10.3;
				LD_RUNPATH_SEARCH_PATHS = (
					"$(inherited)",
					"@executable_path/Frameworks",
				);
				PRODUCT_BUNDLE_IDENTIFIER = com.yakovlev.VYAlertControllerExample;
				PRODUCT_NAME = "$(TARGET_NAME)";
				SWIFT_VERSION = 4.2;
				TARGETED_DEVICE_FAMILY = 1;
			};
			name = Debug;
		};
		F568B63A215D3BBD004C22CF /* Release */ = {
			isa = XCBuildConfiguration;
			buildSettings = {
				ASSETCATALOG_COMPILER_APPICON_NAME = AppIcon;
				CODE_SIGN_STYLE = Automatic;
				DEVELOPMENT_TEAM = 44RWYRHXW5;
				INFOPLIST_FILE = VYAlertControllerExample/Info.plist;
				IPHONEOS_DEPLOYMENT_TARGET = 10.3;
				LD_RUNPATH_SEARCH_PATHS = (
					"$(inherited)",
					"@executable_path/Frameworks",
				);
				PRODUCT_BUNDLE_IDENTIFIER = com.yakovlev.VYAlertControllerExample;
				PRODUCT_NAME = "$(TARGET_NAME)";
				SWIFT_VERSION = 4.2;
				TARGETED_DEVICE_FAMILY = 1;
			};
			name = Release;
		};
/* End XCBuildConfiguration section */

/* Begin XCConfigurationList section */
		F568B621215D3BBB004C22CF /* Build configuration list for PBXProject "VYAlertControllerExample" */ = {
			isa = XCConfigurationList;
			buildConfigurations = (
				F568B636215D3BBD004C22CF /* Debug */,
				F568B637215D3BBD004C22CF /* Release */,
			);
			defaultConfigurationIsVisible = 0;
			defaultConfigurationName = Release;
		};
		F568B638215D3BBD004C22CF /* Build configuration list for PBXNativeTarget "VYAlertControllerExample" */ = {
			isa = XCConfigurationList;
			buildConfigurations = (
				F568B639215D3BBD004C22CF /* Debug */,
				F568B63A215D3BBD004C22CF /* Release */,
			);
			defaultConfigurationIsVisible = 0;
			defaultConfigurationName = Release;
		};
/* End XCConfigurationList section */
	};
	rootObject = F568B61E215D3BBB004C22CF /* Project object */;
}
